// !$*UTF8*$!
{
	archiveVersion = 1;
	classes = {
	};
	objectVersion = 46;
	objects = {

/* Begin PBXBuildFile section */
		1E1F78C91C24C48100282333 /* AppDelegate.swift in Sources */ = {isa = PBXBuildFile; fileRef = 1E1F78C81C24C48100282333 /* AppDelegate.swift */; };
		1E1F78CE1C24C48100282333 /* Main.storyboard in Resources */ = {isa = PBXBuildFile; fileRef = 1E1F78CC1C24C48100282333 /* Main.storyboard */; };
		1E1F78D01C24C48100282333 /* Assets.xcassets in Resources */ = {isa = PBXBuildFile; fileRef = 1E1F78CF1C24C48100282333 /* Assets.xcassets */; };
		1E1F78D31C24C48100282333 /* LaunchScreen.storyboard in Resources */ = {isa = PBXBuildFile; fileRef = 1E1F78D11C24C48100282333 /* LaunchScreen.storyboard */; };
		1E1F78DB1C24CD4800282333 /* ItemViewController.swift in Sources */ = {isa = PBXBuildFile; fileRef = 1E1F78DA1C24CD4800282333 /* ItemViewController.swift */; };
		1E97B4EE1C28B260009C4564 /* PersistentStoreFactory.swift in Sources */ = {isa = PBXBuildFile; fileRef = 1E97B4ED1C28B260009C4564 /* PersistentStoreFactory.swift */; };
		1E97B4F01C29B5C6009C4564 /* PropertyListStore.swift in Sources */ = {isa = PBXBuildFile; fileRef = 1E97B4EF1C29B5C6009C4564 /* PropertyListStore.swift */; };
		DB7D1DC71C24E5400022ADB4 /* Settings.bundle in Resources */ = {isa = PBXBuildFile; fileRef = DB7D1DC61C24E5400022ADB4 /* Settings.bundle */; };
		DB7D1DC91C25AFB40022ADB4 /* ToDoTableViewController.swift in Sources */ = {isa = PBXBuildFile; fileRef = DB7D1DC81C25AFB40022ADB4 /* ToDoTableViewController.swift */; };
		DB7D1DCD1C25B7560022ADB4 /* StringStore.swift in Sources */ = {isa = PBXBuildFile; fileRef = DB7D1DCC1C25B7560022ADB4 /* StringStore.swift */; };
		DB7D1DD01C25B7E20022ADB4 /* Item.swift in Sources */ = {isa = PBXBuildFile; fileRef = DB7D1DCF1C25B7E20022ADB4 /* Item.swift */; };
		DBD6CB841C26129D006E3F17 /* PersistentStoreProtocol.swift in Sources */ = {isa = PBXBuildFile; fileRef = DBD6CB831C26129D006E3F17 /* PersistentStoreProtocol.swift */; };
		DBD6CB861C2612F9006E3F17 /* NSCodingStore.swift in Sources */ = {isa = PBXBuildFile; fileRef = DBD6CB851C2612F9006E3F17 /* NSCodingStore.swift */; };
		DBD6CB881C271561006E3F17 /* NSCodingItem.swift in Sources */ = {isa = PBXBuildFile; fileRef = DBD6CB871C271561006E3F17 /* NSCodingItem.swift */; };
/* End PBXBuildFile section */

/* Begin PBXFileReference section */
		1E1F78C51C24C48100282333 /* SavingDataFinalChallenge.app */ = {isa = PBXFileReference; explicitFileType = wrapper.application; includeInIndex = 0; path = SavingDataFinalChallenge.app; sourceTree = BUILT_PRODUCTS_DIR; };
		1E1F78C81C24C48100282333 /* AppDelegate.swift */ = {isa = PBXFileReference; lastKnownFileType = sourcecode.swift; path = AppDelegate.swift; sourceTree = "<group>"; };
		1E1F78CD1C24C48100282333 /* Base */ = {isa = PBXFileReference; lastKnownFileType = file.storyboard; name = Base; path = Base.lproj/Main.storyboard; sourceTree = "<group>"; };
		1E1F78CF1C24C48100282333 /* Assets.xcassets */ = {isa = PBXFileReference; lastKnownFileType = folder.assetcatalog; path = Assets.xcassets; sourceTree = "<group>"; };
		1E1F78D21C24C48100282333 /* Base */ = {isa = PBXFileReference; lastKnownFileType = file.storyboard; name = Base; path = Base.lproj/LaunchScreen.storyboard; sourceTree = "<group>"; };
		1E1F78D41C24C48100282333 /* Info.plist */ = {isa = PBXFileReference; lastKnownFileType = text.plist.xml; path = Info.plist; sourceTree = "<group>"; };
		1E1F78DA1C24CD4800282333 /* ItemViewController.swift */ = {isa = PBXFileReference; fileEncoding = 4; lastKnownFileType = sourcecode.swift; path = ItemViewController.swift; sourceTree = "<group>"; };
		1E97B4ED1C28B260009C4564 /* PersistentStoreFactory.swift */ = {isa = PBXFileReference; fileEncoding = 4; lastKnownFileType = sourcecode.swift; path = PersistentStoreFactory.swift; sourceTree = "<group>"; };
		1E97B4EF1C29B5C6009C4564 /* PropertyListStore.swift */ = {isa = PBXFileReference; fileEncoding = 4; lastKnownFileType = sourcecode.swift; path = PropertyListStore.swift; sourceTree = "<group>"; };
		DB7D1DC61C24E5400022ADB4 /* Settings.bundle */ = {isa = PBXFileReference; lastKnownFileType = "wrapper.plug-in"; path = Settings.bundle; sourceTree = "<group>"; };
		DB7D1DC81C25AFB40022ADB4 /* ToDoTableViewController.swift */ = {isa = PBXFileReference; fileEncoding = 4; lastKnownFileType = sourcecode.swift; path = ToDoTableViewController.swift; sourceTree = "<group>"; };
		DB7D1DCC1C25B7560022ADB4 /* StringStore.swift */ = {isa = PBXFileReference; fileEncoding = 4; lastKnownFileType = sourcecode.swift; path = StringStore.swift; sourceTree = "<group>"; };
		DB7D1DCF1C25B7E20022ADB4 /* Item.swift */ = {isa = PBXFileReference; fileEncoding = 4; lastKnownFileType = sourcecode.swift; path = Item.swift; sourceTree = "<group>"; };
		DBD6CB831C26129D006E3F17 /* PersistentStoreProtocol.swift */ = {isa = PBXFileReference; fileEncoding = 4; lastKnownFileType = sourcecode.swift; path = PersistentStoreProtocol.swift; sourceTree = "<group>"; };
		DBD6CB851C2612F9006E3F17 /* NSCodingStore.swift */ = {isa = PBXFileReference; fileEncoding = 4; lastKnownFileType = sourcecode.swift; path = NSCodingStore.swift; sourceTree = "<group>"; };
		DBD6CB871C271561006E3F17 /* NSCodingItem.swift */ = {isa = PBXFileReference; fileEncoding = 4; lastKnownFileType = sourcecode.swift; path = NSCodingItem.swift; sourceTree = "<group>"; };
/* End PBXFileReference section */

/* Begin PBXFrameworksBuildPhase section */
		1E1F78C21C24C48100282333 /* Frameworks */ = {
			isa = PBXFrameworksBuildPhase;
			buildActionMask = 2147483647;
			files = (
			);
			runOnlyForDeploymentPostprocessing = 0;
		};
/* End PBXFrameworksBuildPhase section */

/* Begin PBXGroup section */
		1E1F78BC1C24C48100282333 = {
			isa = PBXGroup;
			children = (
				1E1F78C71C24C48100282333 /* SavingDataFinalChallenge */,
				1E1F78C61C24C48100282333 /* Products */,
			);
			sourceTree = "<group>";
		};
		1E1F78C61C24C48100282333 /* Products */ = {
			isa = PBXGroup;
			children = (
				1E1F78C51C24C48100282333 /* SavingDataFinalChallenge.app */,
			);
			name = Products;
			sourceTree = "<group>";
		};
		1E1F78C71C24C48100282333 /* SavingDataFinalChallenge */ = {
			isa = PBXGroup;
			children = (
				1E1F78C81C24C48100282333 /* AppDelegate.swift */,
				DB7D1DCB1C25B69C0022ADB4 /* ViewControllers */,
				DB7D1DCA1C25B6900022ADB4 /* Stores */,
				DB7D1DCE1C25B7D20022ADB4 /* Model */,
				1E1F78CC1C24C48100282333 /* Main.storyboard */,
				1E1F78CF1C24C48100282333 /* Assets.xcassets */,
				1E1F78D11C24C48100282333 /* LaunchScreen.storyboard */,
				1E1F78D41C24C48100282333 /* Info.plist */,
				DB7D1DC61C24E5400022ADB4 /* Settings.bundle */,
			);
			path = SavingDataFinalChallenge;
			sourceTree = "<group>";
		};
		DB7D1DCA1C25B6900022ADB4 /* Stores */ = {
			isa = PBXGroup;
			children = (
				1E97B4ED1C28B260009C4564 /* PersistentStoreFactory.swift */,
				DBD6CB831C26129D006E3F17 /* PersistentStoreProtocol.swift */,
				DB7D1DCC1C25B7560022ADB4 /* StringStore.swift */,
				DBD6CB851C2612F9006E3F17 /* NSCodingStore.swift */,
				1E97B4EF1C29B5C6009C4564 /* PropertyListStore.swift */,
			);
			name = Stores;
			sourceTree = "<group>";
		};
		DB7D1DCB1C25B69C0022ADB4 /* ViewControllers */ = {
			isa = PBXGroup;
			children = (
				DB7D1DC81C25AFB40022ADB4 /* ToDoTableViewController.swift */,
				1E1F78DA1C24CD4800282333 /* ItemViewController.swift */,
			);
			name = ViewControllers;
			sourceTree = "<group>";
		};
		DB7D1DCE1C25B7D20022ADB4 /* Model */ = {
			isa = PBXGroup;
			children = (
				DBD6CB891C27172F006E3F17 /* NSCoding */,
				DB7D1DCF1C25B7E20022ADB4 /* Item.swift */,
			);
			name = Model;
			sourceTree = "<group>";
		};
		DBD6CB891C27172F006E3F17 /* NSCoding */ = {
			isa = PBXGroup;
			children = (
				DBD6CB871C271561006E3F17 /* NSCodingItem.swift */,
			);
			name = NSCoding;
			sourceTree = "<group>";
		};
/* End PBXGroup section */

/* Begin PBXNativeTarget section */
		1E1F78C41C24C48100282333 /* SavingDataFinalChallenge */ = {
			isa = PBXNativeTarget;
			buildConfigurationList = 1E1F78D71C24C48100282333 /* Build configuration list for PBXNativeTarget "SavingDataFinalChallenge" */;
			buildPhases = (
				1E1F78C11C24C48100282333 /* Sources */,
				1E1F78C21C24C48100282333 /* Frameworks */,
				1E1F78C31C24C48100282333 /* Resources */,
			);
			buildRules = (
			);
			dependencies = (
			);
			name = SavingDataFinalChallenge;
			productName = SavingDataFinalChallenge;
			productReference = 1E1F78C51C24C48100282333 /* SavingDataFinalChallenge.app */;
			productType = "com.apple.product-type.application";
		};
/* End PBXNativeTarget section */

/* Begin PBXProject section */
		1E1F78BD1C24C48100282333 /* Project object */ = {
			isa = PBXProject;
			attributes = {
				LastSwiftUpdateCheck = 0720;
				LastUpgradeCheck = 0720;
				ORGANIZATIONNAME = nmg82;
				TargetAttributes = {
					1E1F78C41C24C48100282333 = {
						CreatedOnToolsVersion = 7.2;
					};
				};
			};
			buildConfigurationList = 1E1F78C01C24C48100282333 /* Build configuration list for PBXProject "SavingDataFinalChallenge" */;
			compatibilityVersion = "Xcode 3.2";
			developmentRegion = English;
			hasScannedForEncodings = 0;
			knownRegions = (
				en,
				Base,
			);
			mainGroup = 1E1F78BC1C24C48100282333;
			productRefGroup = 1E1F78C61C24C48100282333 /* Products */;
			projectDirPath = "";
			projectRoot = "";
			targets = (
				1E1F78C41C24C48100282333 /* SavingDataFinalChallenge */,
			);
		};
/* End PBXProject section */

/* Begin PBXResourcesBuildPhase section */
		1E1F78C31C24C48100282333 /* Resources */ = {
			isa = PBXResourcesBuildPhase;
			buildActionMask = 2147483647;
			files = (
				DB7D1DC71C24E5400022ADB4 /* Settings.bundle in Resources */,
				1E1F78D31C24C48100282333 /* LaunchScreen.storyboard in Resources */,
				1E1F78D01C24C48100282333 /* Assets.xcassets in Resources */,
				1E1F78CE1C24C48100282333 /* Main.storyboard in Resources */,
			);
			runOnlyForDeploymentPostprocessing = 0;
		};
/* End PBXResourcesBuildPhase section */

/* Begin PBXSourcesBuildPhase section */
		1E1F78C11C24C48100282333 /* Sources */ = {
			isa = PBXSourcesBuildPhase;
			buildActionMask = 2147483647;
			files = (
				DBD6CB841C26129D006E3F17 /* PersistentStoreProtocol.swift in Sources */,
				DBD6CB881C271561006E3F17 /* NSCodingItem.swift in Sources */,
				1E97B4F01C29B5C6009C4564 /* PropertyListStore.swift in Sources */,
				DB7D1DD01C25B7E20022ADB4 /* Item.swift in Sources */,
				1E97B4EE1C28B260009C4564 /* PersistentStoreFactory.swift in Sources */,
				DB7D1DCD1C25B7560022ADB4 /* StringStore.swift in Sources */,
				DBD6CB861C2612F9006E3F17 /* NSCodingStore.swift in Sources */,
				1E1F78C91C24C48100282333 /* AppDelegate.swift in Sources */,
				DB7D1DC91C25AFB40022ADB4 /* ToDoTableViewController.swift in Sources */,
				1E1F78DB1C24CD4800282333 /* ItemViewController.swift in Sources */,
			);
			runOnlyForDeploymentPostprocessing = 0;
		};
/* End PBXSourcesBuildPhase section */

/* Begin PBXVariantGroup section */
		1E1F78CC1C24C48100282333 /* Main.storyboard */ = {
			isa = PBXVariantGroup;
			children = (
				1E1F78CD1C24C48100282333 /* Base */,
			);
			name = Main.storyboard;
			sourceTree = "<group>";
		};
		1E1F78D11C24C48100282333 /* LaunchScreen.storyboard */ = {
			isa = PBXVariantGroup;
			children = (
				1E1F78D21C24C48100282333 /* Base */,
			);
			name = LaunchScreen.storyboard;
			sourceTree = "<group>";
		};
/* End PBXVariantGroup section */

/* Begin XCBuildConfiguration section */
		1E1F78D51C24C48100282333 /* Debug */ = {
			isa = XCBuildConfiguration;
			buildSettings = {
				ALWAYS_SEARCH_USER_PATHS = NO;
				CLANG_CXX_LANGUAGE_STANDARD = "gnu++0x";
				CLANG_CXX_LIBRARY = "libc++";
				CLANG_ENABLE_MODULES = YES;
				CLANG_ENABLE_OBJC_ARC = YES;
				CLANG_WARN_BOOL_CONVERSION = YES;
				CLANG_WARN_CONSTANT_CONVERSION = YES;
				CLANG_WARN_DIRECT_OBJC_ISA_USAGE = YES_ERROR;
				CLANG_WARN_EMPTY_BODY = YES;
				CLANG_WARN_ENUM_CONVERSION = YES;
				CLANG_WARN_INT_CONVERSION = YES;
				CLANG_WARN_OBJC_ROOT_CLASS = YES_ERROR;
				CLANG_WARN_UNREACHABLE_CODE = YES;
				CLANG_WARN__DUPLICATE_METHOD_MATCH = YES;
				"CODE_SIGN_IDENTITY[sdk=iphoneos*]" = "iPhone Developer";
				COPY_PHASE_STRIP = NO;
				DEBUG_INFORMATION_FORMAT = dwarf;
				ENABLE_STRICT_OBJC_MSGSEND = YES;
				ENABLE_TESTABILITY = YES;
				GCC_C_LANGUAGE_STANDARD = gnu99;
				GCC_DYNAMIC_NO_PIC = NO;
				GCC_NO_COMMON_BLOCKS = YES;
				GCC_OPTIMIZATION_LEVEL = 0;
				GCC_PREPROCESSOR_DEFINITIONS = (
					"DEBUG=1",
					"$(inherited)",
				);
				GCC_WARN_64_TO_32_BIT_CONVERSION = YES;
				GCC_WARN_ABOUT_RETURN_TYPE = YES_ERROR;
				GCC_WARN_UNDECLARED_SELECTOR = YES;
				GCC_WARN_UNINITIALIZED_AUTOS = YES_AGGRESSIVE;
				GCC_WARN_UNUSED_FUNCTION = YES;
				GCC_WARN_UNUSED_VARIABLE = YES;
				IPHONEOS_DEPLOYMENT_TARGET = 9.2;
				MTL_ENABLE_DEBUG_INFO = YES;
				ONLY_ACTIVE_ARCH = YES;
				SDKROOT = iphoneos;
				SWIFT_OPTIMIZATION_LEVEL = "-Onone";
				TARGETED_DEVICE_FAMILY = "1,2";
			};
			name = Debug;
		};
		1E1F78D61C24C48100282333 /* Release */ = {
			isa = XCBuildConfiguration;
			buildSettings = {
				ALWAYS_SEARCH_USER_PATHS = NO;
				CLANG_CXX_LANGUAGE_STANDARD = "gnu++0x";
				CLANG_CXX_LIBRARY = "libc++";
				CLANG_ENABLE_MODULES = YES;
				CLANG_ENABLE_OBJC_ARC = YES;
				CLANG_WARN_BOOL_CONVERSION = YES;
				CLANG_WARN_CONSTANT_CONVERSION = YES;
				CLANG_WARN_DIRECT_OBJC_ISA_USAGE = YES_ERROR;
				CLANG_WARN_EMPTY_BODY = YES;
				CLANG_WARN_ENUM_CONVERSION = YES;
				CLANG_WARN_INT_CONVERSION = YES;
				CLANG_WARN_OBJC_ROOT_CLASS = YES_ERROR;
				CLANG_WARN_UNREACHABLE_CODE = YES;
				CLANG_WARN__DUPLICATE_METHOD_MATCH = YES;
				"CODE_SIGN_IDENTITY[sdk=iphoneos*]" = "iPhone Developer";
				COPY_PHASE_STRIP = NO;
				DEBUG_INFORMATION_FORMAT = "dwarf-with-dsym";
				ENABLE_NS_ASSERTIONS = NO;
				ENABLE_STRICT_OBJC_MSGSEND = YES;
				GCC_C_LANGUAGE_STANDARD = gnu99;
				GCC_NO_COMMON_BLOCKS = YES;
				GCC_WARN_64_TO_32_BIT_CONVERSION = YES;
				GCC_WARN_ABOUT_RETURN_TYPE = YES_ERROR;
				GCC_WARN_UNDECLARED_SELECTOR = YES;
				GCC_WARN_UNINITIALIZED_AUTOS = YES_AGGRESSIVE;
				GCC_WARN_UNUSED_FUNCTION = YES;
				GCC_WARN_UNUSED_VARIABLE = YES;
				IPHONEOS_DEPLOYMENT_TARGET = 9.2;
				MTL_ENABLE_DEBUG_INFO = NO;
				SDKROOT = iphoneos;
				TARGETED_DEVICE_FAMILY = "1,2";
				VALIDATE_PRODUCT = YES;
			};
			name = Release;
		};
		1E1F78D81C24C48100282333 /* Debug */ = {
			isa = XCBuildConfiguration;
			buildSettings = {
				ASSETCATALOG_COMPILER_APPICON_NAME = AppIcon;
				INFOPLIST_FILE = SavingDataFinalChallenge/Info.plist;
				LD_RUNPATH_SEARCH_PATHS = "$(inherited) @executable_path/Frameworks";
				PRODUCT_BUNDLE_IDENTIFIER = com.example.SavingDataFinalChallenge;
				PRODUCT_NAME = "$(TARGET_NAME)";
			};
			name = Debug;
		};
		1E1F78D91C24C48100282333 /* Release */ = {
			isa = XCBuildConfiguration;
			buildSettings = {
				ASSETCATALOG_COMPILER_APPICON_NAME = AppIcon;
				INFOPLIST_FILE = SavingDataFinalChallenge/Info.plist;
				LD_RUNPATH_SEARCH_PATHS = "$(inherited) @executable_path/Frameworks";
				PRODUCT_BUNDLE_IDENTIFIER = com.example.SavingDataFinalChallenge;
				PRODUCT_NAME = "$(TARGET_NAME)";
			};
			name = Release;
		};
/* End XCBuildConfiguration section */

/* Begin XCConfigurationList section */
		1E1F78C01C24C48100282333 /* Build configuration list for PBXProject "SavingDataFinalChallenge" */ = {
			isa = XCConfigurationList;
			buildConfigurations = (
				1E1F78D51C24C48100282333 /* Debug */,
				1E1F78D61C24C48100282333 /* Release */,
			);
			defaultConfigurationIsVisible = 0;
			defaultConfigurationName = Release;
		};
		1E1F78D71C24C48100282333 /* Build configuration list for PBXNativeTarget "SavingDataFinalChallenge" */ = {
			isa = XCConfigurationList;
			buildConfigurations = (
				1E1F78D81C24C48100282333 /* Debug */,
				1E1F78D91C24C48100282333 /* Release */,
			);
			defaultConfigurationIsVisible = 0;
			defaultConfigurationName = Release;
		};
/* End XCConfigurationList section */
	};
	rootObject = 1E1F78BD1C24C48100282333 /* Project object */;
}
